
Microsoft Visual Studio Solution File, Format Version 12.00
# Visual Studio Version 17
VisualStudioVersion = 17.11.35431.28
MinimumVisualStudioVersion = 10.0.40219.1
Project("{FAE04EC0-301F-11D3-BF4B-00C04F79EFBC}") = "OneWayChat.HostConsole", "OneWayChatHostConsole\OneWayChat.HostConsole.csproj", "{095F3DA8-EA5B-49BF-B73F-E44A1A8816FE}"
EndProject
Project("{FAE04EC0-301F-11D3-BF4B-00C04F79EFBC}") = "OneWayChat.Application", "OneWayChat.Application\OneWayChat.Application.csproj", "{D1CA8D64-0957-4E5D-9416-53974CBAE93F}"
EndProject
Project("{FAE04EC0-301F-11D3-BF4B-00C04F79EFBC}") = "OneWayChat.Infrastructure", "OneWayChat.Infrastructure\OneWayChat.Infrastructure.csproj", "{F2303C9E-BF62-4365-8841-1889ECEE49CC}"
EndProject
Project("{FAE04EC0-301F-11D3-BF4B-00C04F79EFBC}") = "OneWayChat.Domain", "OneWayChat.Domain\OneWayChat.Domain.csproj", "{53360D3B-B95B-479C-AF95-F6058FAC7A82}"
EndProject
Project("{FAE04EC0-301F-11D3-BF4B-00C04F79EFBC}") = "OneWayChat.ClientConsole", "OneWayChat.ClientConsole\OneWayChat.ClientConsole.csproj", "{1653E60D-45A6-48C9-A03C-E98D0AF354E6}"
EndProject
Global
	GlobalSection(SolutionConfigurationPlatforms) = preSolution
		Debug|Any CPU = Debug|Any CPU
		Release|Any CPU = Release|Any CPU
	EndGlobalSection
	GlobalSection(ProjectConfigurationPlatforms) = postSolution
		{095F3DA8-EA5B-49BF-B73F-E44A1A8816FE}.Debug|Any CPU.ActiveCfg = Debug|Any CPU
		{095F3DA8-EA5B-49BF-B73F-E44A1A8816FE}.Debug|Any CPU.Build.0 = Debug|Any CPU
		{095F3DA8-EA5B-49BF-B73F-E44A1A8816FE}.Release|Any CPU.ActiveCfg = Release|Any CPU
		{095F3DA8-EA5B-49BF-B73F-E44A1A8816FE}.Release|Any CPU.Build.0 = Release|Any CPU
		{D1CA8D64-0957-4E5D-9416-53974CBAE93F}.Debug|Any CPU.ActiveCfg = Debug|Any CPU
		{D1CA8D64-0957-4E5D-9416-53974CBAE93F}.Debug|Any CPU.Build.0 = Debug|Any CPU
		{D1CA8D64-0957-4E5D-9416-53974CBAE93F}.Release|Any CPU.ActiveCfg = Release|Any CPU
		{D1CA8D64-0957-4E5D-9416-53974CBAE93F}.Release|Any CPU.Build.0 = Release|Any CPU
		{F2303C9E-BF62-4365-8841-1889ECEE49CC}.Debug|Any CPU.ActiveCfg = Debug|Any CPU
		{F2303C9E-BF62-4365-8841-1889ECEE49CC}.Debug|Any CPU.Build.0 = Debug|Any CPU
		{F2303C9E-BF62-4365-8841-1889ECEE49CC}.Release|Any CPU.ActiveCfg = Release|Any CPU
		{F2303C9E-BF62-4365-8841-1889ECEE49CC}.Release|Any CPU.Build.0 = Release|Any CPU
		{53360D3B-B95B-479C-AF95-F6058FAC7A82}.Debug|Any CPU.ActiveCfg = Debug|Any CPU
		{53360D3B-B95B-479C-AF95-F6058FAC7A82}.Debug|Any CPU.Build.0 = Debug|Any CPU
		{53360D3B-B95B-479C-AF95-F6058FAC7A82}.Release|Any CPU.ActiveCfg = Release|Any CPU
		{53360D3B-B95B-479C-AF95-F6058FAC7A82}.Release|Any CPU.Build.0 = Release|Any CPU
		{1653E60D-45A6-48C9-A03C-E98D0AF354E6}.Debug|Any CPU.ActiveCfg = Debug|Any CPU
		{1653E60D-45A6-48C9-A03C-E98D0AF354E6}.Debug|Any CPU.Build.0 = Debug|Any CPU
		{1653E60D-45A6-48C9-A03C-E98D0AF354E6}.Release|Any CPU.ActiveCfg = Release|Any CPU
		{1653E60D-45A6-48C9-A03C-E98D0AF354E6}.Release|Any CPU.Build.0 = Release|Any CPU
	EndGlobalSection
	GlobalSection(SolutionProperties) = preSolution
		HideSolutionNode = FALSE
	EndGlobalSection
	GlobalSection(ExtensibilityGlobals) = postSolution
		SolutionGuid = {488B95E6-1AA7-4BAA-9857-125A61F2EF6F}
	EndGlobalSection
EndGlobal
